// !$*UTF8*$!
{
	archiveVersion = 1;
	classes = {
	};
	objectVersion = 46;
	objects = {

/* Begin PBXBuildFile section */
		8441E113178A0CB500C45088 /* AVFoundation.framework in Frameworks */ = {isa = PBXBuildFile; fileRef = 8441E112178A0CB500C45088 /* AVFoundation.framework */; };
		8441E119178A12CB00C45088 /* CoreMedia.framework in Frameworks */ = {isa = PBXBuildFile; fileRef = 8441E118178A12CB00C45088 /* CoreMedia.framework */; };
		8490488B1787ACC900418F8E /* UIKit.framework in Frameworks */ = {isa = PBXBuildFile; fileRef = 8490488A1787ACC900418F8E /* UIKit.framework */; };
		8490488D1787ACC900418F8E /* Foundation.framework in Frameworks */ = {isa = PBXBuildFile; fileRef = 8490488C1787ACC900418F8E /* Foundation.framework */; };
		8490488F1787ACC900418F8E /* CoreGraphics.framework in Frameworks */ = {isa = PBXBuildFile; fileRef = 8490488E1787ACC900418F8E /* CoreGraphics.framework */; };
		849048951787ACC900418F8E /* InfoPlist.strings in Resources */ = {isa = PBXBuildFile; fileRef = 849048931787ACC900418F8E /* InfoPlist.strings */; };
		849048971787ACC900418F8E /* main.m in Sources */ = {isa = PBXBuildFile; fileRef = 849048961787ACC900418F8E /* main.m */; };
		8490489B1787ACC900418F8E /* AppDelegate.m in Sources */ = {isa = PBXBuildFile; fileRef = 8490489A1787ACC900418F8E /* AppDelegate.m */; };
		8490489D1787ACC900418F8E /* Default.png in Resources */ = {isa = PBXBuildFile; fileRef = 8490489C1787ACC900418F8E /* Default.png */; };
		8490489F1787ACC900418F8E /* Default@2x.png in Resources */ = {isa = PBXBuildFile; fileRef = 8490489E1787ACC900418F8E /* Default@2x.png */; };
		849048A11787ACC900418F8E /* Default-568h@2x.png in Resources */ = {isa = PBXBuildFile; fileRef = 849048A01787ACC900418F8E /* Default-568h@2x.png */; };
		849048A41787ACC900418F8E /* MainStoryboard_iPhone.storyboard in Resources */ = {isa = PBXBuildFile; fileRef = 849048A21787ACC900418F8E /* MainStoryboard_iPhone.storyboard */; };
		84AE058C178CEC2600D2F3A9 /* Komika Axis.ttf in Resources */ = {isa = PBXBuildFile; fileRef = 84AE058B178CEC2600D2F3A9 /* Komika Axis.ttf */; };
		84AE0592178D16E700D2F3A9 /* QuartzCore.framework in Frameworks */ = {isa = PBXBuildFile; fileRef = 84AE0591178D16E600D2F3A9 /* QuartzCore.framework */; };
		84C280D7178B9ACD00455C98 /* 37x-Checkmark.png in Resources */ = {isa = PBXBuildFile; fileRef = 84C280D5178B9ACD00455C98 /* 37x-Checkmark.png */; };
		84C280D8178B9ACD00455C98 /* 37x-Checkmark@2x.png in Resources */ = {isa = PBXBuildFile; fileRef = 84C280D6178B9ACD00455C98 /* 37x-Checkmark@2x.png */; };
		84C280DC178B9B3700455C98 /* HudUtility.m in Sources */ = {isa = PBXBuildFile; fileRef = 84C280DB178B9B3700455C98 /* HudUtility.m */; };
		84EEEA2A178E401E00D6CF6E /* MediaPlayer.framework in Frameworks */ = {isa = PBXBuildFile; fileRef = 84EEEA29178E401E00D6CF6E /* MediaPlayer.framework */; };
		CA086ECD1968A8E500F77FB5 /* MyNavigationViewController.m in Sources */ = {isa = PBXBuildFile; fileRef = CA086ECC1968A8E500F77FB5 /* MyNavigationViewController.m */; };
		CA086ECF1968CC0800F77FB5 /* logo.png in Resources */ = {isa = PBXBuildFile; fileRef = CA086ECE1968CC0800F77FB5 /* logo.png */; };
		CA2A4A3D199FCF3100276BE9 /* libFlurry_5.2.0.a in Frameworks */ = {isa = PBXBuildFile; fileRef = CA2A4A3C199FCF3100276BE9 /* libFlurry_5.2.0.a */; };
		CA2A4A3F199FCF5100276BE9 /* SystemConfiguration.framework in Frameworks */ = {isa = PBXBuildFile; fileRef = CA2A4A3E199FCF5100276BE9 /* SystemConfiguration.framework */; };
		CA370BF5199D58F600AFDACE /* ImageHigh.m in Sources */ = {isa = PBXBuildFile; fileRef = CA370BF4199D58F600AFDACE /* ImageHigh.m */; };
		CA370BF9199D641700AFDACE /* calendar.png in Resources */ = {isa = PBXBuildFile; fileRef = CA370BF8199D641700AFDACE /* calendar.png */; };
		CA370BFC199D64DD00AFDACE /* NewVideoTableViewController.m in Sources */ = {isa = PBXBuildFile; fileRef = CA370BFB199D64DD00AFDACE /* NewVideoTableViewController.m */; };
		CA64BE43195C9EE80030A555 /* Item.m in Sources */ = {isa = PBXBuildFile; fileRef = CA64BE40195C9EE80030A555 /* Item.m */; };
		CA64BE44195C9EE80030A555 /* ContentDetailsFirst.m in Sources */ = {isa = PBXBuildFile; fileRef = CA64BE42195C9EE80030A555 /* ContentDetailsFirst.m */; };
		CA64BE52195C9F020030A555 /* Video.m in Sources */ = {isa = PBXBuildFile; fileRef = CA64BE47195C9F020030A555 /* Video.m */; };
		CA64BE53195C9F020030A555 /* Snippet.m in Sources */ = {isa = PBXBuildFile; fileRef = CA64BE49195C9F020030A555 /* Snippet.m */; };
		CA64BE54195C9F020030A555 /* ContentDetailsVideo.m in Sources */ = {isa = PBXBuildFile; fileRef = CA64BE4B195C9F020030A555 /* ContentDetailsVideo.m */; };
		CA64BE55195C9F020030A555 /* Statistics.m in Sources */ = {isa = PBXBuildFile; fileRef = CA64BE4D195C9F020030A555 /* Statistics.m */; };
		CA64BE56195C9F020030A555 /* Thumbnail.m in Sources */ = {isa = PBXBuildFile; fileRef = CA64BE4F195C9F020030A555 /* Thumbnail.m */; };
		CA64BE57195C9F020030A555 /* ImageMedium.m in Sources */ = {isa = PBXBuildFile; fileRef = CA64BE51195C9F020030A555 /* ImageMedium.m */; };
		CA64BE62195CA3860030A555 /* libPods-Xafurdaria.a in Frameworks */ = {isa = PBXBuildFile; fileRef = CA64BE61195CA3860030A555 /* libPods-Xafurdaria.a */; };
		CA64BE65195CA5400030A555 /* eye.png in Resources */ = {isa = PBXBuildFile; fileRef = CA64BE63195CA5400030A555 /* eye.png */; };
		CA64BE66195CA5400030A555 /* clock.png in Resources */ = {isa = PBXBuildFile; fileRef = CA64BE64195CA5400030A555 /* clock.png */; };
		CA6A3857199EBD4700D176E6 /* LeftSideViewController.m in Sources */ = {isa = PBXBuildFile; fileRef = CA6A3856199EBD4700D176E6 /* LeftSideViewController.m */; };
		CA70E647199EC0DB00FE980D /* SocialCell.m in Sources */ = {isa = PBXBuildFile; fileRef = CA70E646199EC0DB00FE980D /* SocialCell.m */; };
		CA70E64A199EC22F00FE980D /* people.png in Resources */ = {isa = PBXBuildFile; fileRef = CA70E648199EC22F00FE980D /* people.png */; };
		CA70E64B199EC22F00FE980D /* people@2x.png in Resources */ = {isa = PBXBuildFile; fileRef = CA70E649199EC22F00FE980D /* people@2x.png */; };
		CA70E64D199EC49900FE980D /* members.plist in Resources */ = {isa = PBXBuildFile; fileRef = CA70E64C199EC49900FE980D /* members.plist */; };
		CA70E650199ED06E00FE980D /* enderson.png in Resources */ = {isa = PBXBuildFile; fileRef = CA70E64E199ED06E00FE980D /* enderson.png */; };
		CA70E651199ED06E00FE980D /* enderson@2x.png in Resources */ = {isa = PBXBuildFile; fileRef = CA70E64F199ED06E00FE980D /* enderson@2x.png */; };
		CA70E654199ED0D500FE980D /* leonan.png in Resources */ = {isa = PBXBuildFile; fileRef = CA70E652199ED0D500FE980D /* leonan.png */; };
		CA70E655199ED0D500FE980D /* leonan@2x.png in Resources */ = {isa = PBXBuildFile; fileRef = CA70E653199ED0D500FE980D /* leonan@2x.png */; };
		CA70E660199ED2DC00FE980D /* kaio.png in Resources */ = {isa = PBXBuildFile; fileRef = CA70E65E199ED2DC00FE980D /* kaio.png */; };
		CA70E661199ED2DC00FE980D /* kaio@2x.png in Resources */ = {isa = PBXBuildFile; fileRef = CA70E65F199ED2DC00FE980D /* kaio@2x.png */; };
		CA70E668199ED73000FE980D /* twitter@2x.png in Resources */ = {isa = PBXBuildFile; fileRef = CA70E662199ED73000FE980D /* twitter@2x.png */; };
		CA70E669199ED73000FE980D /* twitter.png in Resources */ = {isa = PBXBuildFile; fileRef = CA70E663199ED73000FE980D /* twitter.png */; };
		CA70E66A199ED73000FE980D /* face@2x.png in Resources */ = {isa = PBXBuildFile; fileRef = CA70E664199ED73000FE980D /* face@2x.png */; };
		CA70E66B199ED73000FE980D /* face.png in Resources */ = {isa = PBXBuildFile; fileRef = CA70E665199ED73000FE980D /* face.png */; };
		CA70E66C199ED73000FE980D /* insta@2x.png in Resources */ = {isa = PBXBuildFile; fileRef = CA70E666199ED73000FE980D /* insta@2x.png */; };
		CA70E66D199ED73000FE980D /* insta.png in Resources */ = {isa = PBXBuildFile; fileRef = CA70E667199ED73000FE980D /* insta.png */; };
		CA70E674199ED95700FE980D /* moa.png in Resources */ = {isa = PBXBuildFile; fileRef = CA70E672199ED95700FE980D /* moa.png */; };
		CA70E675199ED95700FE980D /* moa@2x.png in Resources */ = {isa = PBXBuildFile; fileRef = CA70E673199ED95700FE980D /* moa@2x.png */; };
		CA70E678199EDA0000FE980D /* saulo.png in Resources */ = {isa = PBXBuildFile; fileRef = CA70E676199EDA0000FE980D /* saulo.png */; };
		CA70E679199EDA0000FE980D /* saulo@2x.png in Resources */ = {isa = PBXBuildFile; fileRef = CA70E677199EDA0000FE980D /* saulo@2x.png */; };
		CA83053F19A2A419002EF1F8 /* scroll@2x.png in Resources */ = {isa = PBXBuildFile; fileRef = CA83053D19A2A419002EF1F8 /* scroll@2x.png */; };
		CA83054019A2A419002EF1F8 /* scroll.png in Resources */ = {isa = PBXBuildFile; fileRef = CA83053E19A2A419002EF1F8 /* scroll.png */; };
		CAB56D4C195E39380061CDB1 /* Parent.m in Sources */ = {isa = PBXBuildFile; fileRef = CAB56D4B195E39380061CDB1 /* Parent.m */; };
		CABC851419A12D3F00A04C9C /* xafurdaria_logo_splash.png in Resources */ = {isa = PBXBuildFile; fileRef = CABC851319A12D3F00A04C9C /* xafurdaria_logo_splash.png */; };
		CAC95C03199EA4F0007A5EDE /* BigTableViewCell.m in Sources */ = {isa = PBXBuildFile; fileRef = CAC95C02199EA4F0007A5EDE /* BigTableViewCell.m */; };
		CAC95C05199EB79C007A5EDE /* Xafurdaria1136.png in Resources */ = {isa = PBXBuildFile; fileRef = CAC95C04199EB79C007A5EDE /* Xafurdaria1136.png */; };
		CAC95C07199EB7BF007A5EDE /* Images.xcassets in Resources */ = {isa = PBXBuildFile; fileRef = CAC95C06199EB7BF007A5EDE /* Images.xcassets */; };
		CAC95C09199EB825007A5EDE /* logo80x80.png in Resources */ = {isa = PBXBuildFile; fileRef = CAC95C08199EB825007A5EDE /* logo80x80.png */; };
		CAC95C0B199EB890007A5EDE /* logo58x58.png in Resources */ = {isa = PBXBuildFile; fileRef = CAC95C0A199EB890007A5EDE /* logo58x58.png */; };
		CAC95C0D199EBA0E007A5EDE /* Xafurdaria960.png in Resources */ = {isa = PBXBuildFile; fileRef = CAC95C0C199EBA0E007A5EDE /* Xafurdaria960.png */; };
		CAF9CC7B19A6962A0091081A /* iRate.m in Sources */ = {isa = PBXBuildFile; fileRef = CAF9CC7919A6962A0091081A /* iRate.m */; };
		CAF9CC7C19A6962A0091081A /* iRate.bundle in Resources */ = {isa = PBXBuildFile; fileRef = CAF9CC7A19A6962A0091081A /* iRate.bundle */; };
/* End PBXBuildFile section */

/* Begin PBXFileReference section */
		06D7CF809C61AAF657A1D206 /* Pods-Xafurdaria.release.xcconfig */ = {isa = PBXFileReference; includeInIndex = 1; lastKnownFileType = text.xcconfig; name = "Pods-Xafurdaria.release.xcconfig"; path = "Pods/Target Support Files/Pods-Xafurdaria/Pods-Xafurdaria.release.xcconfig"; sourceTree = "<group>"; };
		10AA9E6DA265403BAC987554 /* libPods-Xafurdaria.a */ = {isa = PBXFileReference; explicitFileType = archive.ar; includeInIndex = 0; path = "libPods-Xafurdaria.a"; sourceTree = BUILT_PRODUCTS_DIR; };
		34450E096064B3474904DCDE /* Pods-Xafurdaria.debug.xcconfig */ = {isa = PBXFileReference; includeInIndex = 1; lastKnownFileType = text.xcconfig; name = "Pods-Xafurdaria.debug.xcconfig"; path = "Pods/Target Support Files/Pods-Xafurdaria/Pods-Xafurdaria.debug.xcconfig"; sourceTree = "<group>"; };
		8441E112178A0CB500C45088 /* AVFoundation.framework */ = {isa = PBXFileReference; lastKnownFileType = wrapper.framework; name = AVFoundation.framework; path = System/Library/Frameworks/AVFoundation.framework; sourceTree = SDKROOT; };
		8441E118178A12CB00C45088 /* CoreMedia.framework */ = {isa = PBXFileReference; lastKnownFileType = wrapper.framework; name = CoreMedia.framework; path = System/Library/Frameworks/CoreMedia.framework; sourceTree = SDKROOT; };
		849048871787ACC900418F8E /* Xafurdaria.app */ = {isa = PBXFileReference; explicitFileType = wrapper.application; includeInIndex = 0; path = Xafurdaria.app; sourceTree = BUILT_PRODUCTS_DIR; };
		8490488A1787ACC900418F8E /* UIKit.framework */ = {isa = PBXFileReference; lastKnownFileType = wrapper.framework; name = UIKit.framework; path = System/Library/Frameworks/UIKit.framework; sourceTree = SDKROOT; };
		8490488C1787ACC900418F8E /* Foundation.framework */ = {isa = PBXFileReference; lastKnownFileType = wrapper.framework; name = Foundation.framework; path = System/Library/Frameworks/Foundation.framework; sourceTree = SDKROOT; };
		8490488E1787ACC900418F8E /* CoreGraphics.framework */ = {isa = PBXFileReference; lastKnownFileType = wrapper.framework; name = CoreGraphics.framework; path = System/Library/Frameworks/CoreGraphics.framework; sourceTree = SDKROOT; };
		849048921787ACC900418F8E /* Xafurdaria-Info.plist */ = {isa = PBXFileReference; lastKnownFileType = text.plist.xml; path = "Xafurdaria-Info.plist"; sourceTree = "<group>"; };
		849048941787ACC900418F8E /* en */ = {isa = PBXFileReference; lastKnownFileType = text.plist.strings; name = en; path = en.lproj/InfoPlist.strings; sourceTree = "<group>"; };
		849048961787ACC900418F8E /* main.m */ = {isa = PBXFileReference; lastKnownFileType = sourcecode.c.objc; path = main.m; sourceTree = "<group>"; };
		849048981787ACC900418F8E /* Xafurdaria-Prefix.pch */ = {isa = PBXFileReference; lastKnownFileType = sourcecode.c.h; path = "Xafurdaria-Prefix.pch"; sourceTree = "<group>"; };
		849048991787ACC900418F8E /* AppDelegate.h */ = {isa = PBXFileReference; lastKnownFileType = sourcecode.c.h; path = AppDelegate.h; sourceTree = "<group>"; };
		8490489A1787ACC900418F8E /* AppDelegate.m */ = {isa = PBXFileReference; lastKnownFileType = sourcecode.c.objc; path = AppDelegate.m; sourceTree = "<group>"; };
		8490489C1787ACC900418F8E /* Default.png */ = {isa = PBXFileReference; lastKnownFileType = image.png; path = Default.png; sourceTree = "<group>"; };
		8490489E1787ACC900418F8E /* Default@2x.png */ = {isa = PBXFileReference; lastKnownFileType = image.png; path = "Default@2x.png"; sourceTree = "<group>"; };
		849048A01787ACC900418F8E /* Default-568h@2x.png */ = {isa = PBXFileReference; lastKnownFileType = image.png; path = "Default-568h@2x.png"; sourceTree = "<group>"; };
		849048A31787ACC900418F8E /* en */ = {isa = PBXFileReference; lastKnownFileType = file.storyboard; name = en; path = en.lproj/MainStoryboard_iPhone.storyboard; sourceTree = "<group>"; };
		84AE058B178CEC2600D2F3A9 /* Komika Axis.ttf */ = {isa = PBXFileReference; lastKnownFileType = file; path = "Komika Axis.ttf"; sourceTree = "<group>"; };
		84AE0591178D16E600D2F3A9 /* QuartzCore.framework */ = {isa = PBXFileReference; lastKnownFileType = wrapper.framework; name = QuartzCore.framework; path = System/Library/Frameworks/QuartzCore.framework; sourceTree = SDKROOT; };
		84C280D5178B9ACD00455C98 /* 37x-Checkmark.png */ = {isa = PBXFileReference; lastKnownFileType = image.png; path = "37x-Checkmark.png"; sourceTree = "<group>"; };
		84C280D6178B9ACD00455C98 /* 37x-Checkmark@2x.png */ = {isa = PBXFileReference; lastKnownFileType = image.png; path = "37x-Checkmark@2x.png"; sourceTree = "<group>"; };
		84C280DA178B9B3700455C98 /* HudUtility.h */ = {isa = PBXFileReference; fileEncoding = 4; lastKnownFileType = sourcecode.c.h; path = HudUtility.h; sourceTree = "<group>"; };
		84C280DB178B9B3700455C98 /* HudUtility.m */ = {isa = PBXFileReference; fileEncoding = 4; lastKnownFileType = sourcecode.c.objc; path = HudUtility.m; sourceTree = "<group>"; };
		84EEEA29178E401E00D6CF6E /* MediaPlayer.framework */ = {isa = PBXFileReference; lastKnownFileType = wrapper.framework; name = MediaPlayer.framework; path = System/Library/Frameworks/MediaPlayer.framework; sourceTree = SDKROOT; };
		CA086ECB1968A8E500F77FB5 /* MyNavigationViewController.h */ = {isa = PBXFileReference; fileEncoding = 4; lastKnownFileType = sourcecode.c.h; path = MyNavigationViewController.h; sourceTree = "<group>"; };
		CA086ECC1968A8E500F77FB5 /* MyNavigationViewController.m */ = {isa = PBXFileReference; fileEncoding = 4; lastKnownFileType = sourcecode.c.objc; path = MyNavigationViewController.m; sourceTree = "<group>"; };
		CA086ECE1968CC0800F77FB5 /* logo.png */ = {isa = PBXFileReference; lastKnownFileType = image.png; path = logo.png; sourceTree = "<group>"; };
		CA2A4A3B199FCF3100276BE9 /* Flurry.h */ = {isa = PBXFileReference; fileEncoding = 4; lastKnownFileType = sourcecode.c.h; path = Flurry.h; sourceTree = "<group>"; };
		CA2A4A3C199FCF3100276BE9 /* libFlurry_5.2.0.a */ = {isa = PBXFileReference; lastKnownFileType = archive.ar; path = libFlurry_5.2.0.a; sourceTree = "<group>"; };
		CA2A4A3E199FCF5100276BE9 /* SystemConfiguration.framework */ = {isa = PBXFileReference; lastKnownFileType = wrapper.framework; name = SystemConfiguration.framework; path = System/Library/Frameworks/SystemConfiguration.framework; sourceTree = SDKROOT; };
		CA370BF3199D58F600AFDACE /* ImageHigh.h */ = {isa = PBXFileReference; fileEncoding = 4; lastKnownFileType = sourcecode.c.h; path = ImageHigh.h; sourceTree = "<group>"; };
		CA370BF4199D58F600AFDACE /* ImageHigh.m */ = {isa = PBXFileReference; fileEncoding = 4; lastKnownFileType = sourcecode.c.objc; path = ImageHigh.m; sourceTree = "<group>"; };
		CA370BF8199D641700AFDACE /* calendar.png */ = {isa = PBXFileReference; lastKnownFileType = image.png; path = calendar.png; sourceTree = "<group>"; };
		CA370BFA199D64DD00AFDACE /* NewVideoTableViewController.h */ = {isa = PBXFileReference; fileEncoding = 4; lastKnownFileType = sourcecode.c.h; path = NewVideoTableViewController.h; sourceTree = "<group>"; };
		CA370BFB199D64DD00AFDACE /* NewVideoTableViewController.m */ = {isa = PBXFileReference; fileEncoding = 4; lastKnownFileType = sourcecode.c.objc; path = NewVideoTableViewController.m; sourceTree = "<group>"; };
		CA64BE3C195C9BC50030A555 /* libPods-Xafurdaria.a */ = {isa = PBXFileReference; lastKnownFileType = archive.ar; name = "libPods-Xafurdaria.a"; path = "Pods/build/Debug-iphoneos/libPods-Xafurdaria.a"; sourceTree = "<group>"; };
		CA64BE3F195C9EE80030A555 /* Item.h */ = {isa = PBXFileReference; fileEncoding = 4; lastKnownFileType = sourcecode.c.h; path = Item.h; sourceTree = "<group>"; };
		CA64BE40195C9EE80030A555 /* Item.m */ = {isa = PBXFileReference; fileEncoding = 4; lastKnownFileType = sourcecode.c.objc; path = Item.m; sourceTree = "<group>"; };
		CA64BE41195C9EE80030A555 /* ContentDetailsFirst.h */ = {isa = PBXFileReference; fileEncoding = 4; lastKnownFileType = sourcecode.c.h; path = ContentDetailsFirst.h; sourceTree = "<group>"; };
		CA64BE42195C9EE80030A555 /* ContentDetailsFirst.m */ = {isa = PBXFileReference; fileEncoding = 4; lastKnownFileType = sourcecode.c.objc; path = ContentDetailsFirst.m; sourceTree = "<group>"; };
		CA64BE46195C9F020030A555 /* Video.h */ = {isa = PBXFileReference; fileEncoding = 4; lastKnownFileType = sourcecode.c.h; path = Video.h; sourceTree = "<group>"; };
		CA64BE47195C9F020030A555 /* Video.m */ = {isa = PBXFileReference; fileEncoding = 4; lastKnownFileType = sourcecode.c.objc; path = Video.m; sourceTree = "<group>"; };
		CA64BE48195C9F020030A555 /* Snippet.h */ = {isa = PBXFileReference; fileEncoding = 4; lastKnownFileType = sourcecode.c.h; path = Snippet.h; sourceTree = "<group>"; };
		CA64BE49195C9F020030A555 /* Snippet.m */ = {isa = PBXFileReference; fileEncoding = 4; lastKnownFileType = sourcecode.c.objc; path = Snippet.m; sourceTree = "<group>"; };
		CA64BE4A195C9F020030A555 /* ContentDetailsVideo.h */ = {isa = PBXFileReference; fileEncoding = 4; lastKnownFileType = sourcecode.c.h; path = ContentDetailsVideo.h; sourceTree = "<group>"; };
		CA64BE4B195C9F020030A555 /* ContentDetailsVideo.m */ = {isa = PBXFileReference; fileEncoding = 4; lastKnownFileType = sourcecode.c.objc; path = ContentDetailsVideo.m; sourceTree = "<group>"; };
		CA64BE4C195C9F020030A555 /* Statistics.h */ = {isa = PBXFileReference; fileEncoding = 4; lastKnownFileType = sourcecode.c.h; path = Statistics.h; sourceTree = "<group>"; };
		CA64BE4D195C9F020030A555 /* Statistics.m */ = {isa = PBXFileReference; fileEncoding = 4; lastKnownFileType = sourcecode.c.objc; path = Statistics.m; sourceTree = "<group>"; };
		CA64BE4E195C9F020030A555 /* Thumbnail.h */ = {isa = PBXFileReference; fileEncoding = 4; lastKnownFileType = sourcecode.c.h; path = Thumbnail.h; sourceTree = "<group>"; };
		CA64BE4F195C9F020030A555 /* Thumbnail.m */ = {isa = PBXFileReference; fileEncoding = 4; lastKnownFileType = sourcecode.c.objc; path = Thumbnail.m; sourceTree = "<group>"; };
		CA64BE50195C9F020030A555 /* ImageMedium.h */ = {isa = PBXFileReference; fileEncoding = 4; lastKnownFileType = sourcecode.c.h; path = ImageMedium.h; sourceTree = "<group>"; };
		CA64BE51195C9F020030A555 /* ImageMedium.m */ = {isa = PBXFileReference; fileEncoding = 4; lastKnownFileType = sourcecode.c.objc; path = ImageMedium.m; sourceTree = "<group>"; };
		CA64BE5F195CA37B0030A555 /* libPods-Xafurdaria-RestKit.a */ = {isa = PBXFileReference; lastKnownFileType = archive.ar; name = "libPods-Xafurdaria-RestKit.a"; path = "Pods/build/Debug-iphoneos/libPods-Xafurdaria-RestKit.a"; sourceTree = "<group>"; };
		CA64BE61195CA3860030A555 /* libPods-Xafurdaria.a */ = {isa = PBXFileReference; lastKnownFileType = archive.ar; name = "libPods-Xafurdaria.a"; path = "Pods/build/Debug-iphoneos/libPods-Xafurdaria.a"; sourceTree = "<group>"; };
		CA64BE63195CA5400030A555 /* eye.png */ = {isa = PBXFileReference; lastKnownFileType = image.png; path = eye.png; sourceTree = "<group>"; };
		CA64BE64195CA5400030A555 /* clock.png */ = {isa = PBXFileReference; lastKnownFileType = image.png; path = clock.png; sourceTree = "<group>"; };
		CA6A3855199EBD4700D176E6 /* LeftSideViewController.h */ = {isa = PBXFileReference; fileEncoding = 4; lastKnownFileType = sourcecode.c.h; path = LeftSideViewController.h; sourceTree = "<group>"; };
		CA6A3856199EBD4700D176E6 /* LeftSideViewController.m */ = {isa = PBXFileReference; fileEncoding = 4; lastKnownFileType = sourcecode.c.objc; path = LeftSideViewController.m; sourceTree = "<group>"; };
		CA70E645199EC0DB00FE980D /* SocialCell.h */ = {isa = PBXFileReference; fileEncoding = 4; lastKnownFileType = sourcecode.c.h; path = SocialCell.h; sourceTree = "<group>"; };
		CA70E646199EC0DB00FE980D /* SocialCell.m */ = {isa = PBXFileReference; fileEncoding = 4; lastKnownFileType = sourcecode.c.objc; path = SocialCell.m; sourceTree = "<group>"; };
		CA70E648199EC22F00FE980D /* people.png */ = {isa = PBXFileReference; lastKnownFileType = image.png; path = people.png; sourceTree = "<group>"; };
		CA70E649199EC22F00FE980D /* people@2x.png */ = {isa = PBXFileReference; lastKnownFileType = image.png; path = "people@2x.png"; sourceTree = "<group>"; };
		CA70E64C199EC49900FE980D /* members.plist */ = {isa = PBXFileReference; fileEncoding = 4; lastKnownFileType = text.plist.xml; path = members.plist; sourceTree = "<group>"; };
		CA70E64E199ED06E00FE980D /* enderson.png */ = {isa = PBXFileReference; lastKnownFileType = image.png; path = enderson.png; sourceTree = "<group>"; };
		CA70E64F199ED06E00FE980D /* enderson@2x.png */ = {isa = PBXFileReference; lastKnownFileType = image.png; path = "enderson@2x.png"; sourceTree = "<group>"; };
		CA70E652199ED0D500FE980D /* leonan.png */ = {isa = PBXFileReference; lastKnownFileType = image.png; path = leonan.png; sourceTree = "<group>"; };
		CA70E653199ED0D500FE980D /* leonan@2x.png */ = {isa = PBXFileReference; lastKnownFileType = image.png; path = "leonan@2x.png"; sourceTree = "<group>"; };
		CA70E65E199ED2DC00FE980D /* kaio.png */ = {isa = PBXFileReference; lastKnownFileType = image.png; path = kaio.png; sourceTree = "<group>"; };
		CA70E65F199ED2DC00FE980D /* kaio@2x.png */ = {isa = PBXFileReference; lastKnownFileType = image.png; path = "kaio@2x.png"; sourceTree = "<group>"; };
		CA70E662199ED73000FE980D /* twitter@2x.png */ = {isa = PBXFileReference; lastKnownFileType = image.png; path = "twitter@2x.png"; sourceTree = "<group>"; };
		CA70E663199ED73000FE980D /* twitter.png */ = {isa = PBXFileReference; lastKnownFileType = image.png; path = twitter.png; sourceTree = "<group>"; };
		CA70E664199ED73000FE980D /* face@2x.png */ = {isa = PBXFileReference; lastKnownFileType = image.png; path = "face@2x.png"; sourceTree = "<group>"; };
		CA70E665199ED73000FE980D /* face.png */ = {isa = PBXFileReference; lastKnownFileType = image.png; path = face.png; sourceTree = "<group>"; };
		CA70E666199ED73000FE980D /* insta@2x.png */ = {isa = PBXFileReference; lastKnownFileType = image.png; path = "insta@2x.png"; sourceTree = "<group>"; };
		CA70E667199ED73000FE980D /* insta.png */ = {isa = PBXFileReference; lastKnownFileType = image.png; path = insta.png; sourceTree = "<group>"; };
		CA70E672199ED95700FE980D /* moa.png */ = {isa = PBXFileReference; lastKnownFileType = image.png; path = moa.png; sourceTree = "<group>"; };
		CA70E673199ED95700FE980D /* moa@2x.png */ = {isa = PBXFileReference; lastKnownFileType = image.png; path = "moa@2x.png"; sourceTree = "<group>"; };
		CA70E676199EDA0000FE980D /* saulo.png */ = {isa = PBXFileReference; lastKnownFileType = image.png; path = saulo.png; sourceTree = "<group>"; };
		CA70E677199EDA0000FE980D /* saulo@2x.png */ = {isa = PBXFileReference; lastKnownFileType = image.png; path = "saulo@2x.png"; sourceTree = "<group>"; };
		CA83053C19A298E8002EF1F8 /* Constants.h */ = {isa = PBXFileReference; fileEncoding = 4; lastKnownFileType = sourcecode.c.h; path = Constants.h; sourceTree = "<group>"; };
		CA83053D19A2A419002EF1F8 /* scroll@2x.png */ = {isa = PBXFileReference; lastKnownFileType = image.png; path = "scroll@2x.png"; sourceTree = "<group>"; };
		CA83053E19A2A419002EF1F8 /* scroll.png */ = {isa = PBXFileReference; lastKnownFileType = image.png; path = scroll.png; sourceTree = "<group>"; };
		CAA7051F195D922B00325814 /* libPods-Xafurdaria-XCDYouTubeKit.a */ = {isa = PBXFileReference; lastKnownFileType = archive.ar; name = "libPods-Xafurdaria-XCDYouTubeKit.a"; path = "Pods/build/Debug-iphoneos/libPods-Xafurdaria-XCDYouTubeKit.a"; sourceTree = "<group>"; };
		CAB56D4A195E39380061CDB1 /* Parent.h */ = {isa = PBXFileReference; fileEncoding = 4; lastKnownFileType = sourcecode.c.h; path = Parent.h; sourceTree = "<group>"; };
		CAB56D4B195E39380061CDB1 /* Parent.m */ = {isa = PBXFileReference; fileEncoding = 4; lastKnownFileType = sourcecode.c.objc; path = Parent.m; sourceTree = "<group>"; };
		CABC851319A12D3F00A04C9C /* xafurdaria_logo_splash.png */ = {isa = PBXFileReference; lastKnownFileType = image.png; path = xafurdaria_logo_splash.png; sourceTree = "<group>"; };
		CAC95C01199EA4F0007A5EDE /* BigTableViewCell.h */ = {isa = PBXFileReference; fileEncoding = 4; lastKnownFileType = sourcecode.c.h; path = BigTableViewCell.h; sourceTree = "<group>"; };
		CAC95C02199EA4F0007A5EDE /* BigTableViewCell.m */ = {isa = PBXFileReference; fileEncoding = 4; lastKnownFileType = sourcecode.c.objc; path = BigTableViewCell.m; sourceTree = "<group>"; };
		CAC95C04199EB79C007A5EDE /* Xafurdaria1136.png */ = {isa = PBXFileReference; lastKnownFileType = image.png; path = Xafurdaria1136.png; sourceTree = "<group>"; };
		CAC95C06199EB7BF007A5EDE /* Images.xcassets */ = {isa = PBXFileReference; lastKnownFileType = folder.assetcatalog; path = Images.xcassets; sourceTree = "<group>"; };
		CAC95C08199EB825007A5EDE /* logo80x80.png */ = {isa = PBXFileReference; lastKnownFileType = image.png; path = logo80x80.png; sourceTree = "<group>"; };
		CAC95C0A199EB890007A5EDE /* logo58x58.png */ = {isa = PBXFileReference; lastKnownFileType = image.png; path = logo58x58.png; sourceTree = "<group>"; };
		CAC95C0C199EBA0E007A5EDE /* Xafurdaria960.png */ = {isa = PBXFileReference; lastKnownFileType = image.png; path = Xafurdaria960.png; sourceTree = "<group>"; };
		CAF9CC7819A6962A0091081A /* iRate.h */ = {isa = PBXFileReference; fileEncoding = 4; lastKnownFileType = sourcecode.c.h; path = iRate.h; sourceTree = "<group>"; };
		CAF9CC7919A6962A0091081A /* iRate.m */ = {isa = PBXFileReference; fileEncoding = 4; lastKnownFileType = sourcecode.c.objc; path = iRate.m; sourceTree = "<group>"; };
		CAF9CC7A19A6962A0091081A /* iRate.bundle */ = {isa = PBXFileReference; lastKnownFileType = "wrapper.plug-in"; path = iRate.bundle; sourceTree = "<group>"; };
/* End PBXFileReference section */

/* Begin PBXFrameworksBuildPhase section */
		849048841787ACC900418F8E /* Frameworks */ = {
			isa = PBXFrameworksBuildPhase;
			buildActionMask = 2147483647;
			files = (
				CA2A4A3F199FCF5100276BE9 /* SystemConfiguration.framework in Frameworks */,
				CA64BE62195CA3860030A555 /* libPods-Xafurdaria.a in Frameworks */,
				84EEEA2A178E401E00D6CF6E /* MediaPlayer.framework in Frameworks */,
				84AE0592178D16E700D2F3A9 /* QuartzCore.framework in Frameworks */,
				8441E119178A12CB00C45088 /* CoreMedia.framework in Frameworks */,
				8441E113178A0CB500C45088 /* AVFoundation.framework in Frameworks */,
				CA2A4A3D199FCF3100276BE9 /* libFlurry_5.2.0.a in Frameworks */,
				8490488B1787ACC900418F8E /* UIKit.framework in Frameworks */,
				8490488D1787ACC900418F8E /* Foundation.framework in Frameworks */,
				8490488F1787ACC900418F8E /* CoreGraphics.framework in Frameworks */,
			);
			runOnlyForDeploymentPostprocessing = 0;
		};
/* End PBXFrameworksBuildPhase section */

/* Begin PBXGroup section */
		00CC48101F9793210DD9C1FD /* Pods */ = {
			isa = PBXGroup;
			children = (
				34450E096064B3474904DCDE /* Pods-Xafurdaria.debug.xcconfig */,
				06D7CF809C61AAF657A1D206 /* Pods-Xafurdaria.release.xcconfig */,
			);
			name = Pods;
			sourceTree = "<group>";
		};
		8441E110178A0BF900C45088 /* Controllers */ = {
			isa = PBXGroup;
			children = (
				8441E12A178A255500C45088 /* Views */,
				CA086ECB1968A8E500F77FB5 /* MyNavigationViewController.h */,
				CA086ECC1968A8E500F77FB5 /* MyNavigationViewController.m */,
				CA370BFA199D64DD00AFDACE /* NewVideoTableViewController.h */,
				CA370BFB199D64DD00AFDACE /* NewVideoTableViewController.m */,
				CA6A3855199EBD4700D176E6 /* LeftSideViewController.h */,
				CA6A3856199EBD4700D176E6 /* LeftSideViewController.m */,
			);
			name = Controllers;
			sourceTree = "<group>";
		};
		8441E111178A0C0D00C45088 /* AppDelegate & Storyboard */ = {
			isa = PBXGroup;
			children = (
				849048991787ACC900418F8E /* AppDelegate.h */,
				8490489A1787ACC900418F8E /* AppDelegate.m */,
				849048A21787ACC900418F8E /* MainStoryboard_iPhone.storyboard */,
			);
			name = "AppDelegate & Storyboard";
			sourceTree = "<group>";
		};
		8441E12A178A255500C45088 /* Views */ = {
			isa = PBXGroup;
			children = (
				CA70E645199EC0DB00FE980D /* SocialCell.h */,
				CA70E646199EC0DB00FE980D /* SocialCell.m */,
				CAC95C01199EA4F0007A5EDE /* BigTableViewCell.h */,
				CAC95C02199EA4F0007A5EDE /* BigTableViewCell.m */,
			);
			name = Views;
			sourceTree = "<group>";
		};
		8490487E1787ACC900418F8E = {
			isa = PBXGroup;
			children = (
				849048901787ACC900418F8E /* Xafurdaria */,
				849048891787ACC900418F8E /* Frameworks */,
				849048881787ACC900418F8E /* Products */,
				00CC48101F9793210DD9C1FD /* Pods */,
			);
			sourceTree = "<group>";
		};
		849048881787ACC900418F8E /* Products */ = {
			isa = PBXGroup;
			children = (
				849048871787ACC900418F8E /* Xafurdaria.app */,
			);
			name = Products;
			sourceTree = "<group>";
		};
		849048891787ACC900418F8E /* Frameworks */ = {
			isa = PBXGroup;
			children = (
				CA2A4A3E199FCF5100276BE9 /* SystemConfiguration.framework */,
				CAA7051F195D922B00325814 /* libPods-Xafurdaria-XCDYouTubeKit.a */,
				CA64BE61195CA3860030A555 /* libPods-Xafurdaria.a */,
				CA64BE5F195CA37B0030A555 /* libPods-Xafurdaria-RestKit.a */,
				CA64BE3C195C9BC50030A555 /* libPods-Xafurdaria.a */,
				84EEEA29178E401E00D6CF6E /* MediaPlayer.framework */,
				84AE0591178D16E600D2F3A9 /* QuartzCore.framework */,
				8441E118178A12CB00C45088 /* CoreMedia.framework */,
				8441E112178A0CB500C45088 /* AVFoundation.framework */,
				8490488A1787ACC900418F8E /* UIKit.framework */,
				8490488C1787ACC900418F8E /* Foundation.framework */,
				8490488E1787ACC900418F8E /* CoreGraphics.framework */,
				10AA9E6DA265403BAC987554 /* libPods-Xafurdaria.a */,
			);
			name = Frameworks;
			sourceTree = "<group>";
		};
		849048901787ACC900418F8E /* Xafurdaria */ = {
			isa = PBXGroup;
			children = (
				84C280D0178B9A5600455C98 /* Libs */,
				84C280BF178B0C4100455C98 /* Models */,
				8441E111178A0C0D00C45088 /* AppDelegate & Storyboard */,
				8441E110178A0BF900C45088 /* Controllers */,
				849048BF1787ADF600418F8E /* Images */,
				CAC95C06199EB7BF007A5EDE /* Images.xcassets */,
				849048911787ACC900418F8E /* Supporting Files */,
			);
			path = Xafurdaria;
			sourceTree = "<group>";
		};
		849048911787ACC900418F8E /* Supporting Files */ = {
			isa = PBXGroup;
			children = (
				CA70E64C199EC49900FE980D /* members.plist */,
				84AE058B178CEC2600D2F3A9 /* Komika Axis.ttf */,
				849048921787ACC900418F8E /* Xafurdaria-Info.plist */,
				849048931787ACC900418F8E /* InfoPlist.strings */,
				849048961787ACC900418F8E /* main.m */,
				849048981787ACC900418F8E /* Xafurdaria-Prefix.pch */,
				8490489C1787ACC900418F8E /* Default.png */,
				8490489E1787ACC900418F8E /* Default@2x.png */,
				849048A01787ACC900418F8E /* Default-568h@2x.png */,
				CA83053C19A298E8002EF1F8 /* Constants.h */,
			);
			name = "Supporting Files";
			sourceTree = "<group>";
		};
		849048BF1787ADF600418F8E /* Images */ = {
			isa = PBXGroup;
			children = (
				CA83053D19A2A419002EF1F8 /* scroll@2x.png */,
				CA83053E19A2A419002EF1F8 /* scroll.png */,
				CABC851319A12D3F00A04C9C /* xafurdaria_logo_splash.png */,
				CA70E662199ED73000FE980D /* twitter@2x.png */,
				CA70E663199ED73000FE980D /* twitter.png */,
				CA70E664199ED73000FE980D /* face@2x.png */,
				CA70E665199ED73000FE980D /* face.png */,
				CA70E666199ED73000FE980D /* insta@2x.png */,
				CA70E667199ED73000FE980D /* insta.png */,
				CA70E65E199ED2DC00FE980D /* kaio.png */,
				CA70E65F199ED2DC00FE980D /* kaio@2x.png */,
				CA70E652199ED0D500FE980D /* leonan.png */,
				CA70E653199ED0D500FE980D /* leonan@2x.png */,
				CA70E64E199ED06E00FE980D /* enderson.png */,
				CA70E64F199ED06E00FE980D /* enderson@2x.png */,
				CA70E676199EDA0000FE980D /* saulo.png */,
				CA70E677199EDA0000FE980D /* saulo@2x.png */,
				CA70E672199ED95700FE980D /* moa.png */,
				CA70E673199ED95700FE980D /* moa@2x.png */,
				CA70E648199EC22F00FE980D /* people.png */,
				CA70E649199EC22F00FE980D /* people@2x.png */,
				CAC95C0C199EBA0E007A5EDE /* Xafurdaria960.png */,
				CAC95C0A199EB890007A5EDE /* logo58x58.png */,
				CAC95C08199EB825007A5EDE /* logo80x80.png */,
				CAC95C04199EB79C007A5EDE /* Xafurdaria1136.png */,
				CA370BF8199D641700AFDACE /* calendar.png */,
				CA086ECE1968CC0800F77FB5 /* logo.png */,
				CA64BE63195CA5400030A555 /* eye.png */,
				CA64BE64195CA5400030A555 /* clock.png */,
			);
			name = Images;
			sourceTree = "<group>";
		};
		84C280BF178B0C4100455C98 /* Models */ = {
			isa = PBXGroup;
			children = (
				CA64BE3E195C9ECA0030A555 /* First Request */,
				CA64BE45195C9EEE0030A555 /* Seconde Request */,
			);
			name = Models;
			sourceTree = "<group>";
		};
		84C280D0178B9A5600455C98 /* Libs */ = {
			isa = PBXGroup;
			children = (
				CAF9CC7719A6961C0091081A /* iRate */,
				CA2A4A3A199FCF1E00276BE9 /* Flurry */,
				84C280D9178B9B2900455C98 /* Helpers */,
				84C280D1178B9AAD00455C98 /* MBProgressHUD */,
			);
			name = Libs;
			sourceTree = "<group>";
		};
		84C280D1178B9AAD00455C98 /* MBProgressHUD */ = {
			isa = PBXGroup;
			children = (
				84C280D5178B9ACD00455C98 /* 37x-Checkmark.png */,
				84C280D6178B9ACD00455C98 /* 37x-Checkmark@2x.png */,
			);
			name = MBProgressHUD;
			sourceTree = "<group>";
		};
		84C280D9178B9B2900455C98 /* Helpers */ = {
			isa = PBXGroup;
			children = (
				84C280DA178B9B3700455C98 /* HudUtility.h */,
				84C280DB178B9B3700455C98 /* HudUtility.m */,
			);
			name = Helpers;
			sourceTree = "<group>";
		};
		CA2A4A3A199FCF1E00276BE9 /* Flurry */ = {
			isa = PBXGroup;
			children = (
				CA2A4A3B199FCF3100276BE9 /* Flurry.h */,
				CA2A4A3C199FCF3100276BE9 /* libFlurry_5.2.0.a */,
			);
			name = Flurry;
			sourceTree = "<group>";
		};
		CA64BE3E195C9ECA0030A555 /* First Request */ = {
			isa = PBXGroup;
			children = (
				CA64BE3F195C9EE80030A555 /* Item.h */,
				CA64BE40195C9EE80030A555 /* Item.m */,
				CA64BE41195C9EE80030A555 /* ContentDetailsFirst.h */,
				CA64BE42195C9EE80030A555 /* ContentDetailsFirst.m */,
				CAB56D4A195E39380061CDB1 /* Parent.h */,
				CAB56D4B195E39380061CDB1 /* Parent.m */,
			);
			name = "First Request";
			sourceTree = "<group>";
		};
		CA64BE45195C9EEE0030A555 /* Seconde Request */ = {
			isa = PBXGroup;
			children = (
				CA370BF3199D58F600AFDACE /* ImageHigh.h */,
				CA370BF4199D58F600AFDACE /* ImageHigh.m */,
				CA64BE46195C9F020030A555 /* Video.h */,
				CA64BE47195C9F020030A555 /* Video.m */,
				CA64BE48195C9F020030A555 /* Snippet.h */,
				CA64BE49195C9F020030A555 /* Snippet.m */,
				CA64BE4A195C9F020030A555 /* ContentDetailsVideo.h */,
				CA64BE4B195C9F020030A555 /* ContentDetailsVideo.m */,
				CA64BE4C195C9F020030A555 /* Statistics.h */,
				CA64BE4D195C9F020030A555 /* Statistics.m */,
				CA64BE4E195C9F020030A555 /* Thumbnail.h */,
				CA64BE4F195C9F020030A555 /* Thumbnail.m */,
				CA64BE50195C9F020030A555 /* ImageMedium.h */,
				CA64BE51195C9F020030A555 /* ImageMedium.m */,
			);
			name = "Seconde Request";
			sourceTree = "<group>";
		};
		CAF9CC7719A6961C0091081A /* iRate */ = {
			isa = PBXGroup;
			children = (
				CAF9CC7819A6962A0091081A /* iRate.h */,
				CAF9CC7919A6962A0091081A /* iRate.m */,
				CAF9CC7A19A6962A0091081A /* iRate.bundle */,
			);
			name = iRate;
			sourceTree = "<group>";
		};
/* End PBXGroup section */

/* Begin PBXNativeTarget section */
		849048861787ACC900418F8E /* Xafurdaria */ = {
			isa = PBXNativeTarget;
			buildConfigurationList = 849048B81787ACC900418F8E /* Build configuration list for PBXNativeTarget "Xafurdaria" */;
			buildPhases = (
				5FCB12AA9DF743F6B8B991A1 /* Check Pods Manifest.lock */,
				849048831787ACC900418F8E /* Sources */,
				849048841787ACC900418F8E /* Frameworks */,
				849048851787ACC900418F8E /* Resources */,
				AC737009A7744FB0B6241D23 /* Copy Pods Resources */,
			);
			buildRules = (
			);
			dependencies = (
			);
			name = Xafurdaria;
			productName = Xafurdaria;
			productReference = 849048871787ACC900418F8E /* Xafurdaria.app */;
			productType = "com.apple.product-type.application";
		};
/* End PBXNativeTarget section */

/* Begin PBXProject section */
		8490487F1787ACC900418F8E /* Project object */ = {
			isa = PBXProject;
			attributes = {
				LastUpgradeCheck = 0460;
				ORGANIZATIONNAME = "Iuri Mac";
				TargetAttributes = {
					849048861787ACC900418F8E = {
						DevelopmentTeam = BCJFK29W5P;
					};
				};
			};
			buildConfigurationList = 849048821787ACC900418F8E /* Build configuration list for PBXProject "Xafurdaria" */;
			compatibilityVersion = "Xcode 3.2";
			developmentRegion = English;
			hasScannedForEncodings = 0;
			knownRegions = (
				en,
			);
			mainGroup = 8490487E1787ACC900418F8E;
			productRefGroup = 849048881787ACC900418F8E /* Products */;
			projectDirPath = "";
			projectRoot = "";
			targets = (
				849048861787ACC900418F8E /* Xafurdaria */,
			);
		};
/* End PBXProject section */

/* Begin PBXResourcesBuildPhase section */
		849048851787ACC900418F8E /* Resources */ = {
			isa = PBXResourcesBuildPhase;
			buildActionMask = 2147483647;
			files = (
				849048951787ACC900418F8E /* InfoPlist.strings in Resources */,
				CA70E655199ED0D500FE980D /* leonan@2x.png in Resources */,
				CA70E66B199ED73000FE980D /* face.png in Resources */,
				CA370BF9199D641700AFDACE /* calendar.png in Resources */,
				CA70E64B199EC22F00FE980D /* people@2x.png in Resources */,
				CA70E675199ED95700FE980D /* moa@2x.png in Resources */,
				8490489D1787ACC900418F8E /* Default.png in Resources */,
				CAC95C07199EB7BF007A5EDE /* Images.xcassets in Resources */,
				CA70E660199ED2DC00FE980D /* kaio.png in Resources */,
				CA086ECF1968CC0800F77FB5 /* logo.png in Resources */,
				CA70E654199ED0D500FE980D /* leonan.png in Resources */,
				CA70E678199EDA0000FE980D /* saulo.png in Resources */,
				CA70E66D199ED73000FE980D /* insta.png in Resources */,
				CA70E661199ED2DC00FE980D /* kaio@2x.png in Resources */,
				CA70E66A199ED73000FE980D /* face@2x.png in Resources */,
				CAC95C0B199EB890007A5EDE /* logo58x58.png in Resources */,
				CA70E668199ED73000FE980D /* twitter@2x.png in Resources */,
				8490489F1787ACC900418F8E /* Default@2x.png in Resources */,
				CA70E651199ED06E00FE980D /* enderson@2x.png in Resources */,
				CA83053F19A2A419002EF1F8 /* scroll@2x.png in Resources */,
				CABC851419A12D3F00A04C9C /* xafurdaria_logo_splash.png in Resources */,
				CAC95C09199EB825007A5EDE /* logo80x80.png in Resources */,
				CA70E674199ED95700FE980D /* moa.png in Resources */,
				849048A11787ACC900418F8E /* Default-568h@2x.png in Resources */,
				CA70E64D199EC49900FE980D /* members.plist in Resources */,
				CA70E679199EDA0000FE980D /* saulo@2x.png in Resources */,
				CAC95C0D199EBA0E007A5EDE /* Xafurdaria960.png in Resources */,
				CA70E66C199ED73000FE980D /* insta@2x.png in Resources */,
				849048A41787ACC900418F8E /* MainStoryboard_iPhone.storyboard in Resources */,
				CA83054019A2A419002EF1F8 /* scroll.png in Resources */,
				CA64BE65195CA5400030A555 /* eye.png in Resources */,
				CA70E64A199EC22F00FE980D /* people.png in Resources */,
				84C280D7178B9ACD00455C98 /* 37x-Checkmark.png in Resources */,
				CAF9CC7C19A6962A0091081A /* iRate.bundle in Resources */,
				CA70E669199ED73000FE980D /* twitter.png in Resources */,
				CAC95C05199EB79C007A5EDE /* Xafurdaria1136.png in Resources */,
				84C280D8178B9ACD00455C98 /* 37x-Checkmark@2x.png in Resources */,
				CA64BE66195CA5400030A555 /* clock.png in Resources */,
				CA70E650199ED06E00FE980D /* enderson.png in Resources */,
				84AE058C178CEC2600D2F3A9 /* Komika Axis.ttf in Resources */,
			);
			runOnlyForDeploymentPostprocessing = 0;
		};
/* End PBXResourcesBuildPhase section */

/* Begin PBXShellScriptBuildPhase section */
		5FCB12AA9DF743F6B8B991A1 /* Check Pods Manifest.lock */ = {
			isa = PBXShellScriptBuildPhase;
			buildActionMask = 2147483647;
			files = (
			);
			inputPaths = (
			);
			name = "Check Pods Manifest.lock";
			outputPaths = (
			);
			runOnlyForDeploymentPostprocessing = 0;
			shellPath = /bin/sh;
			shellScript = "diff \"${PODS_ROOT}/../Podfile.lock\" \"${PODS_ROOT}/Manifest.lock\" > /dev/null\nif [[ $? != 0 ]] ; then\n    cat << EOM\nerror: The sandbox is not in sync with the Podfile.lock. Run 'pod install' or update your CocoaPods installation.\nEOM\n    exit 1\nfi\n";
			showEnvVarsInLog = 0;
		};
		AC737009A7744FB0B6241D23 /* Copy Pods Resources */ = {
			isa = PBXShellScriptBuildPhase;
			buildActionMask = 2147483647;
			files = (
			);
			inputPaths = (
			);
			name = "Copy Pods Resources";
			outputPaths = (
			);
			runOnlyForDeploymentPostprocessing = 0;
			shellPath = /bin/sh;
			shellScript = "\"${SRCROOT}/Pods/Target Support Files/Pods-Xafurdaria/Pods-Xafurdaria-resources.sh\"\n";
			showEnvVarsInLog = 0;
		};
/* End PBXShellScriptBuildPhase section */

/* Begin PBXSourcesBuildPhase section */
		849048831787ACC900418F8E /* Sources */ = {
			isa = PBXSourcesBuildPhase;
			buildActionMask = 2147483647;
			files = (
				849048971787ACC900418F8E /* main.m in Sources */,
				CA64BE57195C9F020030A555 /* ImageMedium.m in Sources */,
				8490489B1787ACC900418F8E /* AppDelegate.m in Sources */,
				CA64BE44195C9EE80030A555 /* ContentDetailsFirst.m in Sources */,
				CA64BE55195C9F020030A555 /* Statistics.m in Sources */,
				CA64BE56195C9F020030A555 /* Thumbnail.m in Sources */,
				CAC95C03199EA4F0007A5EDE /* BigTableViewCell.m in Sources */,
				CAF9CC7B19A6962A0091081A /* iRate.m in Sources */,
				CA370BFC199D64DD00AFDACE /* NewVideoTableViewController.m in Sources */,
				CAB56D4C195E39380061CDB1 /* Parent.m in Sources */,
				CA70E647199EC0DB00FE980D /* SocialCell.m in Sources */,
				CA64BE52195C9F020030A555 /* Video.m in Sources */,
				CA370BF5199D58F600AFDACE /* ImageHigh.m in Sources */,
				CA64BE54195C9F020030A555 /* ContentDetailsVideo.m in Sources */,
				CA6A3857199EBD4700D176E6 /* LeftSideViewController.m in Sources */,
				84C280DC178B9B3700455C98 /* HudUtility.m in Sources */,
				CA086ECD1968A8E500F77FB5 /* MyNavigationViewController.m in Sources */,
				CA64BE43195C9EE80030A555 /* Item.m in Sources */,
				CA64BE53195C9F020030A555 /* Snippet.m in Sources */,
			);
			runOnlyForDeploymentPostprocessing = 0;
		};
/* End PBXSourcesBuildPhase section */

/* Begin PBXVariantGroup section */
		849048931787ACC900418F8E /* InfoPlist.strings */ = {
			isa = PBXVariantGroup;
			children = (
				849048941787ACC900418F8E /* en */,
			);
			name = InfoPlist.strings;
			sourceTree = "<group>";
		};
		849048A21787ACC900418F8E /* MainStoryboard_iPhone.storyboard */ = {
			isa = PBXVariantGroup;
			children = (
				849048A31787ACC900418F8E /* en */,
			);
			name = MainStoryboard_iPhone.storyboard;
			sourceTree = "<group>";
		};
/* End PBXVariantGroup section */

/* Begin XCBuildConfiguration section */
		849048B61787ACC900418F8E /* Debug */ = {
			isa = XCBuildConfiguration;
			buildSettings = {
				ALWAYS_SEARCH_USER_PATHS = NO;
				CLANG_CXX_LANGUAGE_STANDARD = "gnu++0x";
				CLANG_CXX_LIBRARY = "libc++";
				CLANG_ENABLE_OBJC_ARC = YES;
				CLANG_WARN_CONSTANT_CONVERSION = YES;
				CLANG_WARN_EMPTY_BODY = YES;
				CLANG_WARN_ENUM_CONVERSION = YES;
				CLANG_WARN_INT_CONVERSION = YES;
				CLANG_WARN__DUPLICATE_METHOD_MATCH = YES;
				"CODE_SIGN_IDENTITY[sdk=iphoneos*]" = "iPhone Developer";
				COPY_PHASE_STRIP = NO;
				GCC_C_LANGUAGE_STANDARD = gnu99;
				GCC_DYNAMIC_NO_PIC = NO;
				GCC_OPTIMIZATION_LEVEL = 0;
				GCC_PREPROCESSOR_DEFINITIONS = (
					"DEBUG=1",
					"$(inherited)",
				);
				GCC_SYMBOLS_PRIVATE_EXTERN = NO;
				GCC_WARN_ABOUT_RETURN_TYPE = YES;
				GCC_WARN_UNINITIALIZED_AUTOS = YES;
				GCC_WARN_UNUSED_VARIABLE = YES;
				IPHONEOS_DEPLOYMENT_TARGET = 6.1;
				ONLY_ACTIVE_ARCH = YES;
				SDKROOT = iphoneos;
				TARGETED_DEVICE_FAMILY = "1,2";
			};
			name = Debug;
		};
		849048B71787ACC900418F8E /* Release */ = {
			isa = XCBuildConfiguration;
			buildSettings = {
				ALWAYS_SEARCH_USER_PATHS = NO;
				CLANG_CXX_LANGUAGE_STANDARD = "gnu++0x";
				CLANG_CXX_LIBRARY = "libc++";
				CLANG_ENABLE_OBJC_ARC = YES;
				CLANG_WARN_CONSTANT_CONVERSION = YES;
				CLANG_WARN_EMPTY_BODY = YES;
				CLANG_WARN_ENUM_CONVERSION = YES;
				CLANG_WARN_INT_CONVERSION = YES;
				CLANG_WARN__DUPLICATE_METHOD_MATCH = YES;
				"CODE_SIGN_IDENTITY[sdk=iphoneos*]" = "iPhone Developer";
				COPY_PHASE_STRIP = YES;
				GCC_C_LANGUAGE_STANDARD = gnu99;
				GCC_WARN_ABOUT_RETURN_TYPE = YES;
				GCC_WARN_UNINITIALIZED_AUTOS = YES;
				GCC_WARN_UNUSED_VARIABLE = YES;
				IPHONEOS_DEPLOYMENT_TARGET = 6.1;
				OTHER_CFLAGS = "-DNS_BLOCK_ASSERTIONS=1";
				SDKROOT = iphoneos;
				TARGETED_DEVICE_FAMILY = "1,2";
				VALIDATE_PRODUCT = YES;
			};
			name = Release;
		};
		849048B91787ACC900418F8E /* Debug */ = {
			isa = XCBuildConfiguration;
			baseConfigurationReference = 34450E096064B3474904DCDE /* Pods-Xafurdaria.debug.xcconfig */;
			buildSettings = {
				ASSETCATALOG_COMPILER_APPICON_NAME = AppIcon;
				ASSETCATALOG_COMPILER_LAUNCHIMAGE_NAME = LaunchImage;
				CODE_SIGN_IDENTITY = "iPhone Developer";
				"CODE_SIGN_IDENTITY[sdk=iphoneos*]" = "iPhone Developer";
				GCC_PRECOMPILE_PREFIX_HEADER = YES;
				GCC_PREFIX_HEADER = "Xafurdaria/Xafurdaria-Prefix.pch";
				INFOPLIST_FILE = "Xafurdaria/Xafurdaria-Info.plist";
				IPHONEOS_DEPLOYMENT_TARGET = 7.1;
				LIBRARY_SEARCH_PATHS = "$(PROJECT_DIR)/Xafurdaria";
				PRODUCT_NAME = "$(TARGET_NAME)";
				PROVISIONING_PROFILE = "";
				"PROVISIONING_PROFILE[sdk=iphoneos*]" = "";
				TARGETED_DEVICE_FAMILY = 1;
				WRAPPER_EXTENSION = app;
			};
			name = Debug;
		};
		849048BA1787ACC900418F8E /* Release */ = {
			isa = XCBuildConfiguration;
			baseConfigurationReference = 06D7CF809C61AAF657A1D206 /* Pods-Xafurdaria.release.xcconfig */;
			buildSettings = {
				ASSETCATALOG_COMPILER_APPICON_NAME = AppIcon;
				ASSETCATALOG_COMPILER_LAUNCHIMAGE_NAME = LaunchImage;
				CODE_SIGN_IDENTITY = "iPhone Developer";
				"CODE_SIGN_IDENTITY[sdk=iphoneos*]" = "iPhone Developer";
				GCC_PRECOMPILE_PREFIX_HEADER = YES;
				GCC_PREFIX_HEADER = "Xafurdaria/Xafurdaria-Prefix.pch";
				INFOPLIST_FILE = "Xafurdaria/Xafurdaria-Info.plist";
				IPHONEOS_DEPLOYMENT_TARGET = 7.1;
				LIBRARY_SEARCH_PATHS = (
					"$(inherited)",
					"$(PROJECT_DIR)/Pods/build/Debug-iphoneos",
					"$(PROJECT_DIR)/Xafurdaria",
				);
				PRODUCT_NAME = "$(TARGET_NAME)";
				PROVISIONING_PROFILE = "57869f86-f3de-4cfb-a600-f9af70014078";
				"PROVISIONING_PROFILE[sdk=iphoneos*]" = "";
				TARGETED_DEVICE_FAMILY = 1;
				WRAPPER_EXTENSION = app;
			};
			name = Release;
		};
/* End XCBuildConfiguration section */

/* Begin XCConfigurationList section */
		849048821787ACC900418F8E /* Build configuration list for PBXProject "Xafurdaria" */ = {
			isa = XCConfigurationList;
			buildConfigurations = (
				849048B61787ACC900418F8E /* Debug */,
				849048B71787ACC900418F8E /* Release */,
			);
			defaultConfigurationIsVisible = 0;
			defaultConfigurationName = Release;
		};
		849048B81787ACC900418F8E /* Build configuration list for PBXNativeTarget "Xafurdaria" */ = {
			isa = XCConfigurationList;
			buildConfigurations = (
				849048B91787ACC900418F8E /* Debug */,
				849048BA1787ACC900418F8E /* Release */,
			);
			defaultConfigurationIsVisible = 0;
			defaultConfigurationName = Release;
		};
/* End XCConfigurationList section */
	};
	rootObject = 8490487F1787ACC900418F8E /* Project object */;
}
